# THIS IS AN AUTOGENERATED FILE. DO NOT EDIT THIS FILE DIRECTLY.
# yarn lockfile v1


bootstrap-icons@^1.2.2:
  version "1.2.2"
  resolved "https://registry.yarnpkg.com/bootstrap-icons/-/bootstrap-icons-1.2.2.tgz#af9f3ce76298cfd3ac0a3d23a68c7b7fe7f41db4"
  integrity sha512-7rFICA7E/CgYLvu8zYtd2wMZYhYPQ0GtogZtQyJz/3melCGeQ76qas5wItIEwiUNmtZWg2SP2p8Ekxy3Nk7vvg==

bootstrap@^4.5.3:
  version "4.5.3"
  resolved "https://registry.yarnpkg.com/bootstrap/-/bootstrap-4.5.3.tgz#c6a72b355aaf323920be800246a6e4ef30997fe6"
  integrity sha512-o9ppKQioXGqhw8Z7mah6KdTYpNQY//tipnkxppWhPbiSWdD+1raYsnhwEZjkTHYbGee4cVQ0Rx65EhOY/HNLcQ==
